lockfileVersion: '9.0'

settings:
  autoInstallPeers: true
  excludeLinksFromLockfile: false

importers:

  .:
    devDependencies:
      '@napi-rs/canvas':
        specifier: 1.0.2
        version: 1.0.2
      '@sick-af/engine':
        specifier: workspace:*
        version: link:packages/engine
      typescript:
        specifier: ^5.7.2
        version: 5.9.3
      vite:
        specifier: ^6.0.7
        version: 6.4.3
      vite-node:
        specifier: ^2.1.8
        version: 2.1.9
      vitest:
        specifier: ^2.1.8
        version: 2.1.9

  apps/web:
    dependencies:
      '@fontsource/inter':
        specifier: 5.2.8
        version: 5.2.8
      '@fontsource/jetbrains-mono':
        specifier: 5.2.8
        version: 5.2.8
      '@fontsource/silkscreen':
        specifier: ^5.3.0
        version: 5.3.0
      '@sick-af/engine':
        specifier: workspace:*
        version: link:../../packages/engine
      gifenc:
        specifier: 1.0.3
        version: 1.0.3
      mp4-muxer:
        specifier: 5.2.2
        version: 5.2.2
    devDependencies:
      vite:
        specifier: ^6.0.7
        version: 6.4.3

  packages/engine: {}

packages:

  '@esbuild/aix-ppc64@0.21.5':
    resolution: {integrity: sha512-1SDgH6ZSPTlggy1yI6+Dbkiz8xzpHJEVAlF/AM1tHPLsf5STom9rwtjE4hKAF20FfXXNTFqEYXyJNWh1GiZedQ==}
    engines: {node: '>=12'}
    cpu: [ppc64]
    os: [aix]

  '@esbuild/aix-ppc64@0.25.12':
    resolution: {integrity: sha512-Hhmwd6CInZ3dwpuGTF8fJG6yoWmsToE+vYgD4nytZVxcu1ulHpUQRAB1UJ8+N1Am3Mz4+xOByoQoSZf4D+CpkA==}
    engines: {node: '>=18'}
    cpu: [ppc64]
    os: [aix]

  '@esbuild/android-arm64@0.21.5':
    resolution: {integrity: sha512-c0uX9VAUBQ7dTDCjq+wdyGLowMdtR/GoC2U5IYk/7D1H1JYC0qseD7+11iMP2mRLN9RcCMRcjC4YMclCzGwS/A==}
    engines: {node: '>=12'}
    cpu: [arm64]
    os: [android]

  '@esbuild/android-arm64@0.25.12':
    resolution: {integrity: sha512-6AAmLG7zwD1Z159jCKPvAxZd4y/VTO0VkprYy+3N2FtJ8+BQWFXU+OxARIwA46c5tdD9SsKGZ/1ocqBS/gAKHg==}
    engines: {node: '>=18'}
    cpu: [arm64]
    os: [android]

  '@esbuild/android-arm@0.21.5':
    resolution: {integrity: sha512-vCPvzSjpPHEi1siZdlvAlsPxXl7WbOVUBBAowWug4rJHb68Ox8KualB+1ocNvT5fjv6wpkX6o/iEpbDrf68zcg==}
    engines: {node: '>=12'}
    cpu: [arm]
    os: [android]

  '@esbuild/android-arm@0.25.12':
    resolution: {integrity: sha512-VJ+sKvNA/GE7Ccacc9Cha7bpS8nyzVv0jdVgwNDaR4gDMC/2TTRc33Ip8qrNYUcpkOHUT5OZ0bUcNNVZQ9RLlg==}
    engines: {node: '>=18'}
    cpu: [arm]
    os: [android]

  '@esbuild/android-x64@0.21.5':
    resolution: {integrity: sha512-D7aPRUUNHRBwHxzxRvp856rjUHRFW1SdQATKXH2hqA0kAZb1hKmi02OpYRacl0TxIGz/ZmXWlbZgjwWYaCakTA==}
    engines: {node: '>=12'}
    cpu: [x64]
    os: [android]

  '@esbuild/android-x64@0.25.12':
    resolution: {integrity: sha512-5jbb+2hhDHx5phYR2By8GTWEzn6I9UqR11Kwf22iKbNpYrsmRB18aX/9ivc5cabcUiAT/wM+YIZ6SG9QO6a8kg==}
    engines: {node: '>=18'}
    cpu: [x64]
    os: [android]

  '@esbuild/darwin-arm64@0.21.5':
    resolution: {integrity: sha512-DwqXqZyuk5AiWWf3UfLiRDJ5EDd49zg6O9wclZ7kUMv2WRFr4HKjXp/5t8JZ11QbQfUS6/cRCKGwYhtNAY88kQ==}
    engines: {node: '>=12'}
    cpu: [arm64]
    os: [darwin]

  '@esbuild/darwin-arm64@0.25.12':
    resolution: {integrity: sha512-N3zl+lxHCifgIlcMUP5016ESkeQjLj/959RxxNYIthIg+CQHInujFuXeWbWMgnTo4cp5XVHqFPmpyu9J65C1Yg==}
    engines: {node: '>=18'}
    cpu: [arm64]
    os: [darwin]

  '@esbuild/darwin-x64@0.21.5':
    resolution: {integrity: sha512-se/JjF8NlmKVG4kNIuyWMV/22ZaerB+qaSi5MdrXtd6R08kvs2qCN4C09miupktDitvh8jRFflwGFBQcxZRjbw==}
    engines: {node: '>=12'}
    cpu: [x64]
    os: [darwin]

  '@esbuild/darwin-x64@0.25.12':
    resolution: {integrity: sha512-HQ9ka4Kx21qHXwtlTUVbKJOAnmG1ipXhdWTmNXiPzPfWKpXqASVcWdnf2bnL73wgjNrFXAa3yYvBSd9pzfEIpA==}
    engines: {node: '>=18'}
    cpu: [x64]
    os: [darwin]

  '@esbuild/freebsd-arm64@0.21.5':
    resolution: {integrity: sha512-5JcRxxRDUJLX8JXp/wcBCy3pENnCgBR9bN6JsY4OmhfUtIHe3ZW0mawA7+RDAcMLrMIZaf03NlQiX9DGyB8h4g==}
    engines: {node: '>=12'}
    cpu: [arm64]
    os: [freebsd]

  '@esbuild/freebsd-arm64@0.25.12':
    resolution: {integrity: sha512-gA0Bx759+7Jve03K1S0vkOu5Lg/85dou3EseOGUes8flVOGxbhDDh/iZaoek11Y8mtyKPGF3vP8XhnkDEAmzeg==}
    engines: {node: '>=18'}
    cpu: [arm64]
    os: [freebsd]

  '@esbuild/freebsd-x64@0.21.5':
    resolution: {integrity: sha512-J95kNBj1zkbMXtHVH29bBriQygMXqoVQOQYA+ISs0/2l3T9/kj42ow2mpqerRBxDJnmkUDCaQT/dfNXWX/ZZCQ==}
    engines: {node: '>=12'}
    cpu: [x64]
    os: [freebsd]

  '@esbuild/freebsd-x64@0.25.12':
    resolution: {integrity: sha512-TGbO26Yw2xsHzxtbVFGEXBFH0FRAP7gtcPE7P5yP7wGy7cXK2oO7RyOhL5NLiqTlBh47XhmIUXuGciXEqYFfBQ==}
    engines: {node: '>=18'}
    cpu: [x64]
    os: [freebsd]

  '@esbuild/linux-arm64@0.21.5':
    resolution: {integrity: sha512-ibKvmyYzKsBeX8d8I7MH/TMfWDXBF3db4qM6sy+7re0YXya+K1cem3on9XgdT2EQGMu4hQyZhan7TeQ8XkGp4Q==}
    engines: {node: '>=12'}
    cpu: [arm64]
    os: [linux]

  '@esbuild/linux-arm64@0.25.12':
    resolution: {integrity: sha512-8bwX7a8FghIgrupcxb4aUmYDLp8pX06rGh5HqDT7bB+8Rdells6mHvrFHHW2JAOPZUbnjUpKTLg6ECyzvas2AQ==}
    engines: {node: '>=18'}
    cpu: [arm64]
    os: [linux]

  '@esbuild/linux-arm@0.21.5':
    resolution: {integrity: sha512-bPb5AHZtbeNGjCKVZ9UGqGwo8EUu4cLq68E95A53KlxAPRmUyYv2D6F0uUI65XisGOL1hBP5mTronbgo+0bFcA==}
    engines: {node: '>=12'}
    cpu: [arm]
    os: [linux]

  '@esbuild/linux-arm@0.25.12':
    resolution: {integrity: sha512-lPDGyC1JPDou8kGcywY0YILzWlhhnRjdof3UlcoqYmS9El818LLfJJc3PXXgZHrHCAKs/Z2SeZtDJr5MrkxtOw==}
    engines: {node: '>=18'}
    cpu: [arm]
    os: [linux]

  '@esbuild/linux-ia32@0.21.5':
    resolution: {integrity: sha512-YvjXDqLRqPDl2dvRODYmmhz4rPeVKYvppfGYKSNGdyZkA01046pLWyRKKI3ax8fbJoK5QbxblURkwK/MWY18Tg==}
    engines: {node: '>=12'}
    cpu: [ia32]
    os: [linux]

  '@esbuild/linux-ia32@0.25.12':
    resolution: {integrity: sha512-0y9KrdVnbMM2/vG8KfU0byhUN+EFCny9+8g202gYqSSVMonbsCfLjUO+rCci7pM0WBEtz+oK/PIwHkzxkyharA==}
    engines: {node: '>=18'}
    cpu: [ia32]
    os: [linux]

  '@esbuild/linux-loong64@0.21.5':
    resolution: {integrity: sha512-uHf1BmMG8qEvzdrzAqg2SIG/02+4/DHB6a9Kbya0XDvwDEKCoC8ZRWI5JJvNdUjtciBGFQ5PuBlpEOXQj+JQSg==}
    engines: {node: '>=12'}
    cpu: [loong64]
    os: [linux]

  '@esbuild/linux-loong64@0.25.12':
    resolution: {integrity: sha512-h///Lr5a9rib/v1GGqXVGzjL4TMvVTv+s1DPoxQdz7l/AYv6LDSxdIwzxkrPW438oUXiDtwM10o9PmwS/6Z0Ng==}
    engines: {node: '>=18'}
    cpu: [loong64]
    os: [linux]

  '@esbuild/linux-mips64el@0.21.5':
    resolution: {integrity: sha512-IajOmO+KJK23bj52dFSNCMsz1QP1DqM6cwLUv3W1QwyxkyIWecfafnI555fvSGqEKwjMXVLokcV5ygHW5b3Jbg==}
    engines: {node: '>=12'}
    cpu: [mips64el]
    os: [linux]

  '@esbuild/linux-mips64el@0.25.12':
    resolution: {integrity: sha512-iyRrM1Pzy9GFMDLsXn1iHUm18nhKnNMWscjmp4+hpafcZjrr2WbT//d20xaGljXDBYHqRcl8HnxbX6uaA/eGVw==}
    engines: {node: '>=18'}
    cpu: [mips64el]
    os: [linux]

  '@esbuild/linux-ppc64@0.21.5':
    resolution: {integrity: sha512-1hHV/Z4OEfMwpLO8rp7CvlhBDnjsC3CttJXIhBi+5Aj5r+MBvy4egg7wCbe//hSsT+RvDAG7s81tAvpL2XAE4w==}
    engines: {node: '>=12'}
    cpu: [ppc64]
    os: [linux]

  '@esbuild/linux-ppc64@0.25.12':
    resolution: {integrity: sha512-9meM/lRXxMi5PSUqEXRCtVjEZBGwB7P/D4yT8UG/mwIdze2aV4Vo6U5gD3+RsoHXKkHCfSxZKzmDssVlRj1QQA==}
    engines: {node: '>=18'}
    cpu: [ppc64]
    os: [linux]

  '@esbuild/linux-riscv64@0.21.5':
    resolution: {integrity: sha512-2HdXDMd9GMgTGrPWnJzP2ALSokE/0O5HhTUvWIbD3YdjME8JwvSCnNGBnTThKGEB91OZhzrJ4qIIxk/SBmyDDA==}
    engines: {node: '>=12'}
    cpu: [riscv64]
    os: [linux]

  '@esbuild/linux-riscv64@0.25.12':
    resolution: {integrity: sha512-Zr7KR4hgKUpWAwb1f3o5ygT04MzqVrGEGXGLnj15YQDJErYu/BGg+wmFlIDOdJp0PmB0lLvxFIOXZgFRrdjR0w==}
    engines: {node: '>=18'}
    cpu: [riscv64]
    os: [linux]

  '@esbuild/linux-s390x@0.21.5':
    resolution: {integrity: sha512-zus5sxzqBJD3eXxwvjN1yQkRepANgxE9lgOW2qLnmr8ikMTphkjgXu1HR01K4FJg8h1kEEDAqDcZQtbrRnB41A==}
    engines: {node: '>=12'}
    cpu: [s390x]
    os: [linux]

  '@esbuild/linux-s390x@0.25.12':
    resolution: {integrity: sha512-MsKncOcgTNvdtiISc/jZs/Zf8d0cl/t3gYWX8J9ubBnVOwlk65UIEEvgBORTiljloIWnBzLs4qhzPkJcitIzIg==}
    engines: {node: '>=18'}
    cpu: [s390x]
    os: [linux]

  '@esbuild/linux-x64@0.21.5':
    resolution: {integrity: sha512-1rYdTpyv03iycF1+BhzrzQJCdOuAOtaqHTWJZCWvijKD2N5Xu0TtVC8/+1faWqcP9iBCWOmjmhoH94dH82BxPQ==}
    engines: {node: '>=12'}
    cpu: [x64]
    os: [linux]

  '@esbuild/linux-x64@0.25.12':
    resolution: {integrity: sha512-uqZMTLr/zR/ed4jIGnwSLkaHmPjOjJvnm6TVVitAa08SLS9Z0VM8wIRx7gWbJB5/J54YuIMInDquWyYvQLZkgw==}
    engines: {node: '>=18'}
    cpu: [x64]
    os: [linux]

  '@esbuild/netbsd-arm64@0.25.12':
    resolution: {integrity: sha512-xXwcTq4GhRM7J9A8Gv5boanHhRa/Q9KLVmcyXHCTaM4wKfIpWkdXiMog/KsnxzJ0A1+nD+zoecuzqPmCRyBGjg==}
    engines: {node: '>=18'}
    cpu: [arm64]
    os: [netbsd]

  '@esbuild/netbsd-x64@0.21.5':
    resolution: {integrity: sha512-Woi2MXzXjMULccIwMnLciyZH4nCIMpWQAs049KEeMvOcNADVxo0UBIQPfSmxB3CWKedngg7sWZdLvLczpe0tLg==}
    engines: {node: '>=12'}
    cpu: [x64]
    os: [netbsd]

  '@esbuild/netbsd-x64@0.25.12':
    resolution: {integrity: sha512-Ld5pTlzPy3YwGec4OuHh1aCVCRvOXdH8DgRjfDy/oumVovmuSzWfnSJg+VtakB9Cm0gxNO9BzWkj6mtO1FMXkQ==}
    engines: {node: '>=18'}
    cpu: [x64]
    os: [netbsd]

  '@esbuild/openbsd-arm64@0.25.12':
    resolution: {integrity: sha512-fF96T6KsBo/pkQI950FARU9apGNTSlZGsv1jZBAlcLL1MLjLNIWPBkj5NlSz8aAzYKg+eNqknrUJ24QBybeR5A==}
    engines: {node: '>=18'}
    cpu: [arm64]
    os: [openbsd]

  '@esbuild/openbsd-x64@0.21.5':
    resolution: {integrity: sha512-HLNNw99xsvx12lFBUwoT8EVCsSvRNDVxNpjZ7bPn947b8gJPzeHWyNVhFsaerc0n3TsbOINvRP2byTZ5LKezow==}
    engines: {node: '>=12'}
    cpu: [x64]
    os: [openbsd]

  '@esbuild/openbsd-x64@0.25.12':
    resolution: {integrity: sha512-MZyXUkZHjQxUvzK7rN8DJ3SRmrVrke8ZyRusHlP+kuwqTcfWLyqMOE3sScPPyeIXN/mDJIfGXvcMqCgYKekoQw==}
    engines: {node: '>=18'}
    cpu: [x64]
    os: [openbsd]

  '@esbuild/openharmony-arm64@0.25.12':
    resolution: {integrity: sha512-rm0YWsqUSRrjncSXGA7Zv78Nbnw4XL6/dzr20cyrQf7ZmRcsovpcRBdhD43Nuk3y7XIoW2OxMVvwuRvk9XdASg==}
    engines: {node: '>=18'}
    cpu: [arm64]
    os: [openharmony]

  '@esbuild/sunos-x64@0.21.5':
    resolution: {integrity: sha512-6+gjmFpfy0BHU5Tpptkuh8+uw3mnrvgs+dSPQXQOv3ekbordwnzTVEb4qnIvQcYXq6gzkyTnoZ9dZG+D4garKg==}
    engines: {node: '>=12'}
    cpu: [x64]
    os: [sunos]

  '@esbuild/sunos-x64@0.25.12':
    resolution: {integrity: sha512-3wGSCDyuTHQUzt0nV7bocDy72r2lI33QL3gkDNGkod22EsYl04sMf0qLb8luNKTOmgF/eDEDP5BFNwoBKH441w==}
    engines: {node: '>=18'}
    cpu: [x64]
    os: [sunos]

  '@esbuild/win32-arm64@0.21.5':
    resolution: {integrity: sha512-Z0gOTd75VvXqyq7nsl93zwahcTROgqvuAcYDUr+vOv8uHhNSKROyU961kgtCD1e95IqPKSQKH7tBTslnS3tA8A==}
    engines: {node: '>=12'}
    cpu: [arm64]
    os: [win32]

  '@esbuild/win32-arm64@0.25.12':
    resolution: {integrity: sha512-rMmLrur64A7+DKlnSuwqUdRKyd3UE7oPJZmnljqEptesKM8wx9J8gx5u0+9Pq0fQQW8vqeKebwNXdfOyP+8Bsg==}
    engines: {node: '>=18'}
    cpu: [arm64]
    os: [win32]

  '@esbuild/win32-ia32@0.21.5':
    resolution: {integrity: sha512-SWXFF1CL2RVNMaVs+BBClwtfZSvDgtL//G/smwAc5oVK/UPu2Gu9tIaRgFmYFFKrmg3SyAjSrElf0TiJ1v8fYA==}
    engines: {node: '>=12'}
    cpu: [ia32]
    os: [win32]

  '@esbuild/win32-ia32@0.25.12':
    resolution: {integrity: sha512-HkqnmmBoCbCwxUKKNPBixiWDGCpQGVsrQfJoVGYLPT41XWF8lHuE5N6WhVia2n4o5QK5M4tYr21827fNhi4byQ==}
    engines: {node: '>=18'}
    cpu: [ia32]
    os: [win32]

  '@esbuild/win32-x64@0.21.5':
    resolution: {integrity: sha512-tQd/1efJuzPC6rCFwEvLtci/xNFcTZknmXs98FYDfGE4wP9ClFV98nyKrzJKVPMhdDnjzLhdUyMX4PsQAPjwIw==}
    engines: {node: '>=12'}
    cpu: [x64]
    os: [win32]

  '@esbuild/win32-x64@0.25.12':
    resolution: {integrity: sha512-alJC0uCZpTFrSL0CCDjcgleBXPnCrEAhTBILpeAp7M/OFgoqtAetfBzX0xM00MUsVVPpVjlPuMbREqnZCXaTnA==}
    engines: {node: '>=18'}
    cpu: [x64]
    os: [win32]

  '@fontsource/inter@5.2.8':
    resolution: {integrity: sha512-P6r5WnJoKiNVV+zvW2xM13gNdFhAEpQ9dQJHt3naLvfg+LkF2ldgSLiF4T41lf1SQCM9QmkqPTn4TH568IRagg==}

  '@fontsource/jetbrains-mono@5.2.8':
    resolution: {integrity: sha512-6w8/SG4kqvIMu7xd7wt6x3idn1Qux3p9N62s6G3rfldOUYHpWcc2FKrqf+Vo44jRvqWj2oAtTHrZXEP23oSKwQ==}

  '@fontsource/silkscreen@5.3.0':
    resolution: {integrity: sha512-M1NQ3LQH0LFNvyFPd/piHEGMImPPtpLglNnLC6Vdcq9kL0jNIOtTQmksAWCc4enbDnw1OnIpZtjNEfRqYm/QmA==}

  '@jridgewell/sourcemap-codec@1.5.5':
    resolution: {integrity: sha512-cYQ9310grqxueWbl+WuIUIaiUaDcj7WOq5fVhEljNVgRfOUhY9fy2zTvfoqWsnebh8Sl70VScFbICvJnLKB0Og==}

  '@napi-rs/canvas-android-arm64@1.0.2':
    resolution: {integrity: sha512-IMXKVQod0ol4vt3gmClUfXz4JAgHYESGPCUqmH3lQxBoL0K/2greJaQE1HVBVxWWFKfLc4OLZVdxg7kXVyXv+g==}
    engines: {node: '>= 10'}
    cpu: [arm64]
    os: [android]

  '@napi-rs/canvas-darwin-arm64@1.0.2':
    resolution: {integrity: sha512-Sc8tPi6cF+5lqOzCCKFALJHhDiRwyMzTPYm3bbhdXsOunU0lQO5f05ucyOzN2r55I23Hg5bsjH63uSCvWp3EgQ==}
    engines: {node: '>= 10'}
    cpu: [arm64]
    os: [darwin]

  '@napi-rs/canvas-darwin-x64@1.0.2':
    resolution: {integrity: sha512-niDXZ9LhKB1zLrUdYB64RHQFDGz9rr0eGx061qtJJU3U20EMMIx28ADF5fVYbhtOgkWQrBjFicfaye1yM0U62A==}
    engines: {node: '>= 10'}
    cpu: [x64]
    os: [darwin]

  '@napi-rs/canvas-linux-arm-gnueabihf@1.0.2':
    resolution: {integrity: sha512-sgatQL9JxGRH/Amzcvu0P3t8Am3duou74CisfuJ41Dwt8cWy723z/9KZ8LlgmxfypEwEZxSTNFJtU8d281lmhQ==}
    engines: {node: '>= 10'}
    cpu: [arm]
    os: [linux]

  '@napi-rs/canvas-linux-arm64-gnu@1.0.2':
    resolution: {integrity: sha512-dgKuX0peF3xwY6ZF5QxGS4wbfDqpoFAJYXiLSp+guZKARQUKMkRqZSDrXKj7nfrec3UCMzC0PFCPte0ES98AiA==}
    engines: {node: '>= 10'}
    cpu: [arm64]
    os: [linux]
    libc: [glibc]

  '@napi-rs/canvas-linux-arm64-musl@1.0.2':
    resolution: {integrity: sha512-qwROoDIC9upfvDoRLuPn2aNg9CGW1x0Ygr4k2Or+8paA9d0qBLwk87U+g8KQpoOviKoPoiwl97kvBYuYD7qZoA==}
    engines: {node: '>= 10'}
    cpu: [arm64]
    os: [linux]
    libc: [musl]

  '@napi-rs/canvas-linux-riscv64-gnu@1.0.2':
    resolution: {integrity: sha512-fXRjnPihdnbO6qy1QQOgxAonb68A0TCEG7rj1x7v7rxNElsE8EVIKIEUTvyDtU+sthYSbX+8e7g3oZiLGnOmxw==}
    engines: {node: '>= 10'}
    cpu: [riscv64]
    os: [linux]
    libc: [glibc]

  '@napi-rs/canvas-linux-x64-gnu@1.0.2':
    resolution: {integrity: sha512-nPR97DXhbWIAy7yazF3jc06kEPMqYMLmPzFOVNlwKPfIoSChnI+x7dc0hTLaihz3jxrjL6j4BbA7earxfx4X3g==}
    engines: {node: '>= 10'}
    cpu: [x64]
    os: [linux]
    libc: [glibc]

  '@napi-rs/canvas-linux-x64-musl@1.0.2':
    resolution: {integrity: sha512-l7zZY5+jL5qnBZtDz7CoBtY6p7EkHu422g/0zWwrOrzIwWyWxZFRfZZORY1UG7YApymPLx+UbOkN206xXn/c1Q==}
    engines: {node: '>= 10'}
    cpu: [x64]
    os: [linux]
    libc: [musl]

  '@napi-rs/canvas-win32-arm64-msvc@1.0.2':
    resolution: {integrity: sha512-yE0koHCFF4PIbMc2o2SEALhnipz7WBISh5glLvQiomtIoCcW0np3H4Lw93ceJAfJttTTeIIWFbwH84F7EVzjMQ==}
    engines: {node: '>= 10'}
    cpu: [arm64]
    os: [win32]

  '@napi-rs/canvas-win32-x64-msvc@1.0.2':
    resolution: {integrity: sha512-okU8/t2foV6C31n0GtvEMbfD5rOFc70+/6xUNME9Guld29sgSOIGUEDScAWFlcP3k5TYQRl9TNkwJEEjh15w8A==}
    engines: {node: '>= 10'}
    cpu: [x64]
    os: [win32]

  '@napi-rs/canvas@1.0.2':
    resolution: {integrity: sha512-EYEqlMYaCbpZDz+IgDH5xp9MTd3ui4dmGqbQYryhMLnSRxrhHKq5KQWHHKxFUcEP4Hp8/BWgvqXocX4j7iSbOQ==}
    engines: {node: '>= 10'}

  '@napi-rs/lzma-linux-x64-gnu@1.5.1':
    resolution: {integrity: sha512-oTXEIha4SsuXdTA4Iyskj0kpdx2yVXdhd75c2v3xGrHFfVMsbhTPZU/nMPL4sWKo4pBHm3aucLaqGlF696dTyQ==}
    engines: {node: ^22.20 || ^24.12 || >=25}
    cpu: [x64]
    os: [linux]
    libc: [glibc]

  '@rollup/rollup-android-arm-eabi@4.63.0':
    resolution: {integrity: sha512-70TeIFezKKy65LgAVyQh+w94/gjWhvPWaLaGGeMEgVrPkQhuj/M5bAYYZzIFUj9Y69oHyTm5Um/R6gcLh4A8JA==}
    cpu: [arm]
    os: [android]

  '@rollup/rollup-android-arm64@4.63.0':
    resolution: {integrity: sha512-YC86tYIHK6M1IV+wbzO+Bxk8RCBr6ZyWYgWxUCzaZD8mc8rrFoIJDNzDrkHBYRc/wKdrsIXmm6/F7NzrAO+OrA==}
    cpu: [arm64]
    os: [android]

  '@rollup/rollup-darwin-arm64@4.63.0':
    resolution: {integrity: sha512-oI+ECtUcli0y0fi4xpW82GdPIXdTkI8G8DSjG2LRuw09fPAGykaWYH/hXxiKuTxiAjiPSTIIuYUqof5Z2hShWw==}
    cpu: [arm64]
    os: [darwin]

  '@rollup/rollup-darwin-x64@4.63.0':
    resolution: {integrity: sha512-NwV+1s7TiKrMe4owHyKB/dTLD7ZJD0YEBEhIz+hvav1Cu1GReJjF+rsdNwjzENQeIAbE/CoNiaAc5Vz2h5DPAA==}
    cpu: [x64]
    os: [darwin]

  '@rollup/rollup-freebsd-arm64@4.63.0':
    resolution: {integrity: sha512-tWtHBTu5gOPK4u4Urtk4qAHW3zZ9rQAmbssO8gp7ELvGTGI3aCiq6NqyTQ0PCIg7KbHJF2UkGDDs77YZGxfjCA==}
    cpu: [arm64]
    os: [freebsd]

  '@rollup/rollup-freebsd-x64@4.63.0':
    resolution: {integrity: sha512-2qPoJiwTvtHQ27NnYvTnsgk8laXWYuVmNESG8WFZBcEPKLfZ3I27qBJarjVRQtwGeYyRfq5ZowHXih9lm2BItw==}
    cpu: [x64]
    os: [freebsd]

  '@rollup/rollup-linux-arm-gnueabihf@4.63.0':
    resolution: {integrity: sha512-FQwsTRvLNuHoTdICABJQfbPUSEueISGmnpT06tXTMpfprf5NiKLSXKA0A+w45wJnCmZAnzgqBwbt6ARFuyOi5w==}
    cpu: [arm]
    os: [linux]
    libc: [glibc]

  '@rollup/rollup-linux-arm-musleabihf@4.63.0':
    resolution: {integrity: sha512-BBVTXziw8mY1a4ZbWME9tZyfzqXCDPqaC7Z3heQ29p5dkvXzwL0NwelO8zLa8c3RBKvl3YTuSnBgsBhYBtwjIw==}
    cpu: [arm]
    os: [linux]
    libc: [musl]

  '@rollup/rollup-linux-arm64-gnu@4.63.0':
    resolution: {integrity: sha512-w2Iyy9+RqKwx3d9qWMKsJg0FfRBsY0/pXNv0mCQ3ueRvJI6+QAScfD4nrMlzFLs2HNVW6Ew+mtZfDl9b7Ew5/Q==}
    cpu: [arm64]
    os: [linux]
    libc: [glibc]

  '@rollup/rollup-linux-arm64-musl@4.63.0':
    resolution: {integrity: sha512-YK++KtrFRHYE0P6/RtYEAy9t8F37znP+K03RrIuLPYOL6SVlObRumf/0OE4V/h63xL9DwkWbNssZfmA9hawuDA==}
    cpu: [arm64]
    os: [linux]
    libc: [musl]

  '@rollup/rollup-linux-loong64-gnu@4.63.0':
    resolution: {integrity: sha512-aBfOG6fP7YkkPmTqPwufRJeFyz7WPpECv9XNbnsk9+vg7rxdih0lbtEel7jcRng4LZrrmU3FfitCFyEj4BWDWg==}
    cpu: [loong64]
    os: [linux]
    libc: [glibc]

  '@rollup/rollup-linux-loong64-musl@4.63.0':
    resolution: {integrity: sha512-LGaHEOeHNAag9VuS1Crs5DFg4RrU9MPi2nVnNJk9DTePx/B6RRYKVmrIXt2h7YOJlwjaFJ6lwtFDliZxScTLrQ==}
    cpu: [loong64]
    os: [linux]
    libc: [musl]

  '@rollup/rollup-linux-ppc64-gnu@4.63.0':
    resolution: {integrity: sha512-jClvk+J0FC3b7Udvegiw5/4hErbHtmsNsQgENnKXDWtNCJXsJYZH5WURvu7imDOO38xYml24eeh5x3A04ppwCw==}
    cpu: [ppc64]
    os: [linux]
    libc: [glibc]

  '@rollup/rollup-linux-ppc64-musl@4.63.0':
    resolution: {integrity: sha512-0OJlaGK+8+B777Ql5okIpD7ua5Ro9+VB9Ve0OKa28OQJZ1RbuUBVNHK/e3pr4BROqsyPl1JrPO1ZxJseCNffcA==}
    cpu: [ppc64]
    os: [linux]
    libc: [musl]

  '@rollup/rollup-linux-riscv64-gnu@4.63.0':
    resolution: {integrity: sha512-Ygsx+HoNH7afwi1bTIXbnTvVnsO+zurPLSYxybV1hHFVU72OWOCl6v05ql/z0hkpAPx+DK7Kn9Bi7MayCcjLTA==}
    cpu: [riscv64]
    os: [linux]
    libc: [glibc]

  '@rollup/rollup-linux-riscv64-musl@4.63.0':
    resolution: {integrity: sha512-pDQxtMGb+OvG3fLwR2OkZlSd47hW+kWg4BYMG/++sR6RqorQccwPTDsxda5hPwiIeIErAnCF9ma3SAU06bdQtQ==}
    cpu: [riscv64]
    os: [linux]
    libc: [musl]

  '@rollup/rollup-linux-s390x-gnu@4.63.0':
    resolution: {integrity: sha512-0BnUG9mS8I4SSHr3XsxVhuCMEiu+rX61xxZF5vujso4LaiAGFZFxvDjg6Xn6tLPNTUAfuCvQYas4LMQMVsKRSQ==}
    cpu: [s390x]
    os: [linux]
    libc: [glibc]

  '@rollup/rollup-linux-x64-gnu@4.63.0':
    resolution: {integrity: sha512-Adu/VttB1dpPNW+FEacrZ+xVm9tFty84+RrFzsqlFaPxoJB+9XXyDGtp5dCOoBwGBIEVH0To7lExFXEx0BIF4A==}
    cpu: [x64]
    os: [linux]
    libc: [glibc]

  '@rollup/rollup-linux-x64-musl@4.63.0':
    resolution: {integrity: sha512-NQ3bDvjUbFKmP23671xUlXtKmqVsUBd6M4PQCvbmNtOy06hnQIdKHy8oG/6S3R/S6He1JgPk6A5VT+prAJMYEw==}
    cpu: [x64]
    os: [linux]
    libc: [musl]

  '@rollup/rollup-openbsd-x64@4.63.0':
    resolution: {integrity: sha512-u2eDAl4+0aFvA13GxlGBtTI3SS3sdgwgtV0HyjZ0QaQVCgNE+jqNGey+GtxWiq+wxr/UycAx/OnfJzApCFamvA==}
    cpu: [x64]
    os: [openbsd]

  '@rollup/rollup-openharmony-arm64@4.63.0':
    resolution: {integrity: sha512-XvRb5vfW3wAZQ+ZUG21AnHHDKtNcw99eigzEhjr//NZ3u7SoBaPP0seSc7FgP7p1epAEdAoZckMW9WY/+4w70w==}
    cpu: [arm64]
    os: [openharmony]

  '@rollup/rollup-win32-arm64-msvc@4.63.0':
    resolution: {integrity: sha512-iZPmniy4kNBf5yo2RezbkYNNK5HPbXE9+g+twnbqSng7dtLEJy1SKoxiE/ni4FDacjyuZpEeb9U054N4EoKHYw==}
    cpu: [arm64]
    os: [win32]

  '@rollup/rollup-win32-ia32-msvc@4.63.0':
    resolution: {integrity: sha512-mFBBd+LF37fnE8JnYUOH+imj0aPFPK30vpar4ehJkgnLj9sZn8ZxiRENmLtgIwxK7TC8klF6N57fxdNBwQoqOA==}
    cpu: [ia32]
    os: [win32]

  '@rollup/rollup-win32-x64-gnu@4.63.0':
    resolution: {integrity: sha512-ujeqEY3B+zbGn3Z4Q03cUBG/LGWnBJncVT36WER31LcOsQk9+1dmINKKtvmmfChUvRbK1G0R8OhMWFgHgaZtAw==}
    cpu: [x64]
    os: [win32]

  '@rollup/rollup-win32-x64-msvc@4.63.0':
    resolution: {integrity: sha512-hncn90N4sOky0L2LKE5oESKLbxCPeVo4eLA2LSMoDzM+879ml4WSr+Rr4DWknNIVVvS1Hirkc9hx02W6YxS8rQ==}
    cpu: [x64]
    os: [win32]

  '@types/dom-webcodecs@0.1.19':
    resolution: {integrity: sha512-+yFUIDUaASFz0vQpWBErPxun/Lb+F0TdrlTsj50gm7K797YzEx2TmV6fEiwciHyFNghlZYPgQXH5qRcwMHcJFQ==}

  '@types/estree@1.0.9':
    resolution: {integrity: sha512-GhdPgy1el4/ImP05X05Uw4cw2/M93BCUmnEvWZNStlCzEKME4Fkk+YpoA5OiHNQmoS7Cafb8Xa3Pya8m1Qrzeg==}

  '@types/wicg-file-system-access@2020.9.8':
    resolution: {integrity: sha512-ggMz8nOygG7d/stpH40WVaNvBwuyYLnrg5Mbyf6bmsj/8+gb6Ei4ZZ9/4PNpcPNTT8th9Q8sM8wYmWGjMWLX/A==}

  '@vitest/expect@2.1.9':
    resolution: {integrity: sha512-UJCIkTBenHeKT1TTlKMJWy1laZewsRIzYighyYiJKZreqtdxSos/S1t+ktRMQWu2CKqaarrkeszJx1cgC5tGZw==}

  '@vitest/mocker@2.1.9':
    resolution: {integrity: sha512-tVL6uJgoUdi6icpxmdrn5YNo3g3Dxv+IHJBr0GXHaEdTcw3F+cPKnsXFhli6nO+f/6SDKPHEK1UN+k+TQv0Ehg==}
    peerDependencies:
      msw: ^2.4.9
      vite: ^5.0.0
    peerDependenciesMeta:
      msw:
        optional: true
      vite:
        optional: true

  '@vitest/pretty-format@2.1.9':
    resolution: {integrity: sha512-KhRIdGV2U9HOUzxfiHmY8IFHTdqtOhIzCpd8WRdJiE7D/HUcZVD0EgQCVjm+Q9gkUXWgBvMmTtZgIG48wq7sOQ==}

  '@vitest/runner@2.1.9':
    resolution: {integrity: sha512-ZXSSqTFIrzduD63btIfEyOmNcBmQvgOVsPNPe0jYtESiXkhd8u2erDLnMxmGrDCwHCCHE7hxwRDCT3pt0esT4g==}

  '@vitest/snapshot@2.1.9':
    resolution: {integrity: sha512-oBO82rEjsxLNJincVhLhaxxZdEtV0EFHMK5Kmx5sJ6H9L183dHECjiefOAdnqpIgT5eZwT04PoggUnW88vOBNQ==}

  '@vitest/spy@2.1.9':
    resolution: {integrity: sha512-E1B35FwzXXTs9FHNK6bDszs7mtydNi5MIfUWpceJ8Xbfb1gBMscAnwLbEu+B44ed6W3XjL9/ehLPHR1fkf1KLQ==}

  '@vitest/utils@2.1.9':
    resolution: {integrity: sha512-v0psaMSkNJ3A2NMrUEHFRzJtDPFn+/VWZ5WxImB21T9fjucJRmS7xCS3ppEnARb9y11OAzaD+P2Ps+b+BGX5iQ==}

  assertion-error@2.0.1:
    resolution: {integrity: sha512-Izi8RQcffqCeNVgFigKli1ssklIbpHnCYc6AknXGYoB6grJqyeby7jv12JUQgmTAnIDnbck1uxksT4dzN3PWBA==}
    engines: {node: '>=12'}

  cac@6.7.14:
    resolution: {integrity: sha512-b6Ilus+c3RrdDk+JhLKUAQfzzgLEPy6wcXqS7f/xe1EETvsDP6GORG7SFuOs6cID5YkqchW/LXZbX5bc8j7ZcQ==}
    engines: {node: '>=8'}

  chai@5.3.3:
    resolution: {integrity: sha512-4zNhdJD/iOjSH0A05ea+Ke6MU5mmpQcbQsSOkgdaUMJ9zTlDTD/GYlwohmIE2u0gaxHYiVHEn1Fw9mZ/ktJWgw==}
    engines: {node: '>=18'}

  check-error@2.1.3:
    resolution: {integrity: sha512-PAJdDJusoxnwm1VwW07VWwUN1sl7smmC3OKggvndJFadxxDRyFJBX/ggnu/KE4kQAB7a3Dp8f/YXC1FlUprWmA==}
    engines: {node: '>= 16'}

  debug@4.4.3:
    resolution: {integrity: sha512-RGwwWnwQvkVfavKVt22FGLw+xYSdzARwm0ru6DhTVA3umU5hZc28V3kO4stgYryrTlLpuvgI9GiijltAjNbcqA==}
    engines: {node: '>=6.0'}
    peerDependencies:
      supports-color: '*'
    peerDependenciesMeta:
      supports-color:
        optional: true

  deep-eql@5.0.2:
    resolution: {integrity: sha512-h5k/5U50IJJFpzfL6nO9jaaumfjO/f2NjK/oYB2Djzm4p9L+3T9qWpZqZ2hAbLPuuYq9wrU08WQyBTL5GbPk5Q==}
    engines: {node: '>=6'}

  es-module-lexer@1.7.0:
    resolution: {integrity: sha512-jEQoCwk8hyb2AZziIOLhDqpm5+2ww5uIE6lkO/6jcOCusfk6LhMHpXXfBLXTZ7Ydyt0j4VoUQv6uGNYbdW+kBA==}

  esbuild@0.21.5:
    resolution: {integrity: sha512-mg3OPMV4hXywwpoDxu3Qda5xCKQi+vCTZq8S9J/EpkhB2HzKXq4SNFZE3+NK93JYxc8VMSep+lOUSC/RVKaBqw==}
    engines: {node: '>=12'}
    hasBin: true

  esbuild@0.25.12:
    resolution: {integrity: sha512-bbPBYYrtZbkt6Os6FiTLCTFxvq4tt3JKall1vRwshA3fdVztsLAatFaZobhkBC8/BrPetoa0oksYoKXoG4ryJg==}
    engines: {node: '>=18'}
    hasBin: true

  estree-walker@3.0.3:
    resolution: {integrity: sha512-7RUKfXgSMMkzt6ZuXmqapOurLGPPfgj6l9uRZ7lRGolvk0y2yocc35LdcxKC5PQZdn2DMqioAQ2NoWcrTKmm6g==}

  expect-type@1.4.0:
    resolution: {integrity: sha512-KfYbmpRm0VbLjEvVa9yGwCi9GI34xvi7A/HXYWQO65CSD2u3MczUJSuwXKFIxlGsgBQizV9q5J9NHj4VG0n+pA==}
    engines: {node: '>=12.0.0'}

  fdir@6.5.0:
    resolution: {integrity: sha512-tIbYtZbucOs0BRGqPJkshJUYdL+SDH7dVM8gjy+ERp3WAUjLEFJE+02kanyHtwjWOnwrKYBiwAmM0p4kLJAnXg==}
    engines: {node: '>=12.0.0'}
    peerDependencies:
      picomatch: ^3 || ^4
    peerDependenciesMeta:
      picomatch:
        optional: true

  fsevents@2.3.3:
    resolution: {integrity: sha512-5xoDfX+fL7faATnagmWPpbFtwh/R77WmMMqqHGS65C3vvB0YHrgF+B1YmZ3441tMj5n63k0212XNoJwzlhffQw==}
    engines: {node: ^8.16.0 || ^10.6.0 || >=11.0.0}
    os: [darwin]

  gifenc@1.0.3:
    resolution: {integrity: sha512-xdr6AdrfGBcfzncONUOlXMBuc5wJDtOueE3c5rdG0oNgtINLD+f2iFZltrBRZYzACRbKr+mSVU/x98zv2u3jmw==}

  loupe@3.2.1:
    resolution: {integrity: sha512-CdzqowRJCeLU72bHvWqwRBBlLcMEtIvGrlvef74kMnV2AolS9Y8xUv1I0U/MNAWMhBlKIoyuEgoJ0t/bbwHbLQ==}

  magic-string@0.30.21:
    resolution: {integrity: sha512-vd2F4YUyEXKGcLHoq+TEyCjxueSeHnFxyyjNp80yg0XV4vUhnDer/lvvlqM/arB5bXQN5K2/3oinyCRyx8T2CQ==}

  mp4-muxer@5.2.2:
    resolution: {integrity: sha512-dhozjTywI0h2qFzeShagt8YYw811fh1XlwiDCE2f6Aeqf6xG2CyuShoSa5E0AZDO8pPF0JOZ3wOmWBNWIGdSpQ==}
    deprecated: This library is superseded by Mediabunny. Please migrate to it.

  ms@2.1.3:
    resolution: {integrity: sha512-6FlzubTLZG3J2a/NVCAleEhjzq5oxgHyaCU9yYXvcLsvoVaHJq/s5xXI6/XXP6tz7R9xAOtHnSO/tXtF3WRTlA==}

  nanoid@3.3.18:
    resolution: {integrity: sha512-DTg4MJbGMWkfi6VZFdNt2/caMbQy4Ou+Op/hJQvGEWcnVfoA1QA+xzRKAzw9jD6+GVOOeYr/mIcuDSdug6F6+w==}
    engines: {node: ^10 || ^12 || ^13.7 || ^14 || >=15.0.1}
    hasBin: true

  pathe@1.1.2:
    resolution: {integrity: sha512-whLdWMYL2TwI08hn8/ZqAbrVemu0LNaNNJZX73O6qaIdCTfXutsLhMkjdENX0qhsQ9uIimo4/aQOmXkoon2nDQ==}

  pathval@2.0.1:
    resolution: {integrity: sha512-//nshmD55c46FuFw26xV/xFAaB5HF9Xdap7HJBBnrKdAd6/GxDBaNA1870O79+9ueg61cZLSVc+OaFlfmObYVQ==}
    engines: {node: '>= 14.16'}

  picocolors@1.1.1:
    resolution: {integrity: sha512-xceH2snhtb5M9liqDsmEw56le376mTZkEX/jEb/RxNFyegNul7eNslCXP9FDj/Lcu0X8KEyMceP2ntpaHrDEVA==}

  picomatch@4.0.7:
    resolution: {integrity: sha512-qcJu88Q2IWqJsDD529JKMdwGm/dvInW4HvQnRwiH9JtihJvzGOscDtHE3x1pBKeUOTysQ8kVmLnJ2kJu7yhcGA==}
    engines: {node: '>=12'}

  postcss@8.5.26:
    resolution: {integrity: sha512-u82N74LFzG8ca+dD8puPnplTXoGH4fTPpVGuIbt36G3qvNlkvfD0lEAZSxaly3KX8TS/L1A1gsCEmvKmBcVbkQ==}
    engines: {node: ^10 || ^12 || >=14}

  rollup@4.63.0:
    resolution: {integrity: sha512-T5vnZ2y4QqC3/4P+w2+JO+Q/OVdnPsv4XcSYJYMEn0R9/jjl5AgLwO9LAZMzP2lN71O6pypn91rB7lDstUkfrQ==}
    engines: {node: '>=18.0.0', npm: '>=8.0.0'}
    hasBin: true

  siginfo@2.0.0:
    resolution: {integrity: sha512-ybx0WO1/8bSBLEWXZvEd7gMW3Sn3JFlW3TvX1nREbDLRNQNaeNN8WK0meBwPdAaOI7TtRRRJn/Es1zhrrCHu7g==}

  source-map-js@1.2.1:
    resolution: {integrity: sha512-UXWMKhLOwVKb728IUtQPXxfYU+usdybtUrK/8uGE8CQMvrhOpwvzDBwj0QhSL7MQc7vIsISBG8VQ8+IDQxpfQA==}
    engines: {node: '>=0.10.0'}

  stackback@0.0.2:
    resolution: {integrity: sha512-1XMJE5fQo1jGH6Y/7ebnwPOBEkIEnT4QF32d5R1+VXdXveM0IBMJt8zfaxX1P3QhVwrYe+576+jkANtSS2mBbw==}

  std-env@3.10.0:
    resolution: {integrity: sha512-5GS12FdOZNliM5mAOxFRg7Ir0pWz8MdpYm6AY6VPkGpbA7ZzmbzNcBJQ0GPvvyWgcY7QAhCgf9Uy89I03faLkg==}

  tinybench@2.9.0:
    resolution: {integrity: sha512-0+DUvqWMValLmha6lr4kD8iAMK1HzV0/aKnCtWb9v9641TnP/MFb7Pc2bxoxQjTXAErryXVgUOfv2YqNllqGeg==}

  tinyexec@0.3.2:
    resolution: {integrity: sha512-KQQR9yN7R5+OSwaK0XQoj22pwHoTlgYqmUscPYoknOoWCWfj/5/ABTMRi69FrKU5ffPVh5QcFikpWJI/P1ocHA==}

  tinyglobby@0.2.17:
    resolution: {integrity: sha512-wXR/dYpcqKmfWpEdZjiKJOwCNFndD0DMnrW/cYjVGttEkBfVgcLFHoNrlj47mjOVic9yyNu65alsgF4NQyTa2g==}
    engines: {node: '>=12.0.0'}

  tinypool@1.1.1:
    resolution: {integrity: sha512-Zba82s87IFq9A9XmjiX5uZA/ARWDrB03OHlq+Vw1fSdt0I+4/Kutwy8BP4Y/y/aORMo61FQ0vIb5j44vSo5Pkg==}
    engines: {node: ^18.0.0 || >=20.0.0}

  tinyrainbow@1.2.0:
    resolution: {integrity: sha512-weEDEq7Z5eTHPDh4xjX789+fHfF+P8boiFB+0vbWzpbnbsEr/GRaohi/uMKxg8RZMXnl1ItAi/IUHWMsjDV7kQ==}
    engines: {node: '>=14.0.0'}

  tinyspy@3.0.2:
    resolution: {integrity: sha512-n1cw8k1k0x4pgA2+9XrOkFydTerNcJ1zWCO5Nn9scWHTD+5tp8dghT2x1uduQePZTZgd3Tupf+x9BxJjeJi77Q==}
    engines: {node: '>=14.0.0'}

  typescript@5.9.3:
    resolution: {integrity: sha512-jl1vZzPDinLr9eUt3J/t7V6FgNEw9QjvBPdysz9KfQDD41fQrC2Y4vKQdiaUpFT4bXlb1RHhLpp8wtm6M5TgSw==}
    engines: {node: '>=14.17'}
    hasBin: true

  vite-node@2.1.9:
    resolution: {integrity: sha512-AM9aQ/IPrW/6ENLQg3AGY4K1N2TGZdR5e4gu/MmmR2xR3Ll1+dib+nook92g4TV3PXVyeyxdWwtaCAiUL0hMxA==}
    engines: {node: ^18.0.0 || >=20.0.0}
    hasBin: true

  vite@5.4.21:
    resolution: {integrity: sha512-o5a9xKjbtuhY6Bi5S3+HvbRERmouabWbyUcpXXUA1u+GNUKoROi9byOJ8M0nHbHYHkYICiMlqxkg1KkYmm25Sw==}
    engines: {node: ^18.0.0 || >=20.0.0}
    hasBin: true
    peerDependencies:
      '@types/node': ^18.0.0 || >=20.0.0
      less: '*'
      lightningcss: ^1.21.0
      sass: '*'
      sass-embedded: '*'
      stylus: '*'
      sugarss: '*'
      terser: ^5.4.0
    peerDependenciesMeta:
      '@types/node':
        optional: true
      less:
        optional: true
      lightningcss:
        optional: true
      sass:
        optional: true
      sass-embedded:
        optional: true
      stylus:
        optional: true
      sugarss:
        optional: true
      terser:
        optional: true

  vite@6.4.3:
    resolution: {integrity: sha512-NTKlcQjlAK7MlQoyb6LgaqHc8sso/pVyUJYWMws3jg21uTJw/LddqIFPcPqP6PzpgbIcZyKI85sFE4HBrQDA8A==}
    engines: {node: ^18.0.0 || ^20.0.0 || >=22.0.0}
    hasBin: true
    peerDependencies:
      '@types/node': ^18.0.0 || ^20.0.0 || >=22.0.0
      jiti: '>=1.21.0'
      less: '*'
      lightningcss: ^1.21.0
      sass: '*'
      sass-embedded: '*'
      stylus: '*'
      sugarss: '*'
      terser: ^5.16.0
      tsx: ^4.8.1
      yaml: ^2.4.2
    peerDependenciesMeta:
      '@types/node':
        optional: true
      jiti:
        optional: true
      less:
        optional: true
      lightningcss:
        optional: true
      sass:
        optional: true
      sass-embedded:
        optional: true
      stylus:
        optional: true
      sugarss:
        optional: true
      terser:
        optional: true
      tsx:
        optional: true
      yaml:
        optional: true

  vitest@2.1.9:
    resolution: {integrity: sha512-MSmPM9REYqDGBI8439mA4mWhV5sKmDlBKWIYbA3lRb2PTHACE0mgKwA8yQ2xq9vxDTuk4iPrECBAEW2aoFXY0Q==}
    engines: {node: ^18.0.0 || >=20.0.0}
    hasBin: true
    peerDependencies:
      '@edge-runtime/vm': '*'
      '@types/node': ^18.0.0 || >=20.0.0
      '@vitest/browser': 2.1.9
      '@vitest/ui': 2.1.9
      happy-dom: '*'
      jsdom: '*'
    peerDependenciesMeta:
      '@edge-runtime/vm':
        optional: true
      '@types/node':
        optional: true
      '@vitest/browser':
        optional: true
      '@vitest/ui':
        optional: true
      happy-dom:
        optional: true
      jsdom:
        optional: true

  why-is-node-running@2.3.0:
    resolution: {integrity: sha512-hUrmaWBdVDcxvYqnyh09zunKzROWjbZTiNy8dBEjkS7ehEDQibXJ7XvlmtbwuTclUiIyN+CyXQD4Vmko8fNm8w==}
    engines: {node: '>=8'}
    hasBin: true

snapshots:

  '@esbuild/aix-ppc64@0.21.5':
    optional: true

  '@esbuild/aix-ppc64@0.25.12':
    optional: true

  '@esbuild/android-arm64@0.21.5':
    optional: true

  '@esbuild/android-arm64@0.25.12':
    optional: true

  '@esbuild/android-arm@0.21.5':
    optional: true

  '@esbuild/android-arm@0.25.12':
    optional: true

  '@esbuild/android-x64@0.21.5':
    optional: true

  '@esbuild/android-x64@0.25.12':
    optional: true

  '@esbuild/darwin-arm64@0.21.5':
    optional: true

  '@esbuild/darwin-arm64@0.25.12':
    optional: true

  '@esbuild/darwin-x64@0.21.5':
    optional: true

  '@esbuild/darwin-x64@0.25.12':
    optional: true

  '@esbuild/freebsd-arm64@0.21.5':
    optional: true

  '@esbuild/freebsd-arm64@0.25.12':
    optional: true

  '@esbuild/freebsd-x64@0.21.5':
    optional: true

  '@esbuild/freebsd-x64@0.25.12':
    optional: true

  '@esbuild/linux-arm64@0.21.5':
    optional: true

  '@esbuild/linux-arm64@0.25.12':
    optional: true

  '@esbuild/linux-arm@0.21.5':
    optional: true

  '@esbuild/linux-arm@0.25.12':
    optional: true

  '@esbuild/linux-ia32@0.21.5':
    optional: true

  '@esbuild/linux-ia32@0.25.12':
    optional: true

  '@esbuild/linux-loong64@0.21.5':
    optional: true

  '@esbuild/linux-loong64@0.25.12':
    optional: true

  '@esbuild/linux-mips64el@0.21.5':
    optional: true

  '@esbuild/linux-mips64el@0.25.12':
    optional: true

  '@esbuild/linux-ppc64@0.21.5':
    optional: true

  '@esbuild/linux-ppc64@0.25.12':
    optional: true

  '@esbuild/linux-riscv64@0.21.5':
    optional: true

  '@esbuild/linux-riscv64@0.25.12':
    optional: true

  '@esbuild/linux-s390x@0.21.5':
    optional: true

  '@esbuild/linux-s390x@0.25.12':
    optional: true

  '@esbuild/linux-x64@0.21.5':
    optional: true

  '@esbuild/linux-x64@0.25.12':
    optional: true

  '@esbuild/netbsd-arm64@0.25.12':
    optional: true

  '@esbuild/netbsd-x64@0.21.5':
    optional: true

  '@esbuild/netbsd-x64@0.25.12':
    optional: true

  '@esbuild/openbsd-arm64@0.25.12':
    optional: true

  '@esbuild/openbsd-x64@0.21.5':
    optional: true

  '@esbuild/openbsd-x64@0.25.12':
    optional: true

  '@esbuild/openharmony-arm64@0.25.12':
    optional: true

  '@esbuild/sunos-x64@0.21.5':
    optional: true

  '@esbuild/sunos-x64@0.25.12':
    optional: true

  '@esbuild/win32-arm64@0.21.5':
    optional: true

  '@esbuild/win32-arm64@0.25.12':
    optional: true

  '@esbuild/win32-ia32@0.21.5':
    optional: true

  '@esbuild/win32-ia32@0.25.12':
    optional: true

  '@esbuild/win32-x64@0.21.5':
    optional: true

  '@esbuild/win32-x64@0.25.12':
    optional: true

  '@fontsource/inter@5.2.8': {}

  '@fontsource/jetbrains-mono@5.2.8': {}

  '@fontsource/silkscreen@5.3.0': {}

  '@jridgewell/sourcemap-codec@1.5.5': {}

  '@napi-rs/canvas-android-arm64@1.0.2':
    optional: true

  '@napi-rs/canvas-darwin-arm64@1.0.2':
    optional: true

  '@napi-rs/canvas-darwin-x64@1.0.2':
    optional: true

  '@napi-rs/canvas-linux-arm-gnueabihf@1.0.2':
    optional: true

  '@napi-rs/canvas-linux-arm64-gnu@1.0.2':
    optional: true

  '@napi-rs/canvas-linux-arm64-musl@1.0.2':
    optional: true

  '@napi-rs/canvas-linux-riscv64-gnu@1.0.2':
    optional: true

  '@napi-rs/canvas-linux-x64-gnu@1.0.2':
    optional: true

  '@napi-rs/canvas-linux-x64-musl@1.0.2':
    optional: true

  '@napi-rs/canvas-win32-arm64-msvc@1.0.2':
    optional: true

  '@napi-rs/canvas-win32-x64-msvc@1.0.2':
    optional: true

  '@napi-rs/canvas@1.0.2':
    optionalDependencies:
      '@napi-rs/canvas-android-arm64': 1.0.2
      '@napi-rs/canvas-darwin-arm64': 1.0.2
      '@napi-rs/canvas-darwin-x64': 1.0.2
      '@napi-rs/canvas-linux-arm-gnueabihf': 1.0.2
      '@napi-rs/canvas-linux-arm64-gnu': 1.0.2
      '@napi-rs/canvas-linux-arm64-musl': 1.0.2
      '@napi-rs/canvas-linux-riscv64-gnu': 1.0.2
      '@napi-rs/canvas-linux-x64-gnu': 1.0.2
      '@napi-rs/canvas-linux-x64-musl': 1.0.2
      '@napi-rs/canvas-win32-arm64-msvc': 1.0.2
      '@napi-rs/canvas-win32-x64-msvc': 1.0.2

  '@napi-rs/lzma-linux-x64-gnu@1.5.1':
    optional: true

  '@rollup/rollup-android-arm-eabi@4.63.0':
    optional: true

  '@rollup/rollup-android-arm64@4.63.0':
    optional: true

  '@rollup/rollup-darwin-arm64@4.63.0':
    optional: true

  '@rollup/rollup-darwin-x64@4.63.0':
    optional: true

  '@rollup/rollup-freebsd-arm64@4.63.0':
    optional: true

  '@rollup/rollup-freebsd-x64@4.63.0':
    optional: true

  '@rollup/rollup-linux-arm-gnueabihf@4.63.0':
    optional: true

  '@rollup/rollup-linux-arm-musleabihf@4.63.0':
    optional: true

  '@rollup/rollup-linux-arm64-gnu@4.63.0':
    optional: true

  '@rollup/rollup-linux-arm64-musl@4.63.0':
    optional: true

  '@rollup/rollup-linux-loong64-gnu@4.63.0':
    optional: true

  '@rollup/rollup-linux-loong64-musl@4.63.0':
    optional: true

  '@rollup/rollup-linux-ppc64-gnu@4.63.0':
    optional: true

  '@rollup/rollup-linux-ppc64-musl@4.63.0':
    optional: true

  '@rollup/rollup-linux-riscv64-gnu@4.63.0':
    optional: true

  '@rollup/rollup-linux-riscv64-musl@4.63.0':
    optional: true

  '@rollup/rollup-linux-s390x-gnu@4.63.0':
    optional: true

  '@rollup/rollup-linux-x64-gnu@4.63.0':
    optional: true

  '@rollup/rollup-linux-x64-musl@4.63.0':
    optional: true

  '@rollup/rollup-openbsd-x64@4.63.0':
    optional: true

  '@rollup/rollup-openharmony-arm64@4.63.0':
    optional: true

  '@rollup/rollup-win32-arm64-msvc@4.63.0':
    optional: true

  '@rollup/rollup-win32-ia32-msvc@4.63.0':
    optional: true

  '@rollup/rollup-win32-x64-gnu@4.63.0':
    optional: true

  '@rollup/rollup-win32-x64-msvc@4.63.0':
    optional: true

  '@types/dom-webcodecs@0.1.19': {}

  '@types/estree@1.0.9': {}

  '@types/wicg-file-system-access@2020.9.8': {}

  '@vitest/expect@2.1.9':
    dependencies:
      '@vitest/spy': 2.1.9
      '@vitest/utils': 2.1.9
      chai: 5.3.3
      tinyrainbow: 1.2.0

  '@vitest/mocker@2.1.9(vite@5.4.21)':
    dependencies:
      '@vitest/spy': 2.1.9
      estree-walker: 3.0.3
      magic-string: 0.30.21
    optionalDependencies:
      vite: 5.4.21

  '@vitest/pretty-format@2.1.9':
    dependencies:
      tinyrainbow: 1.2.0

  '@vitest/runner@2.1.9':
    dependencies:
      '@vitest/utils': 2.1.9
      pathe: 1.1.2

  '@vitest/snapshot@2.1.9':
    dependencies:
      '@vitest/pretty-format': 2.1.9
      magic-string: 0.30.21
      pathe: 1.1.2

  '@vitest/spy@2.1.9':
    dependencies:
      tinyspy: 3.0.2

  '@vitest/utils@2.1.9':
    dependencies:
      '@vitest/pretty-format': 2.1.9
      loupe: 3.2.1
      tinyrainbow: 1.2.0

  assertion-error@2.0.1: {}

  cac@6.7.14: {}

  chai@5.3.3:
    dependencies:
      assertion-error: 2.0.1
      check-error: 2.1.3
      deep-eql: 5.0.2
      loupe: 3.2.1
      pathval: 2.0.1

  check-error@2.1.3: {}

  debug@4.4.3:
    dependencies:
      ms: 2.1.3

  deep-eql@5.0.2: {}

  es-module-lexer@1.7.0: {}

  esbuild@0.21.5:
    optionalDependencies:
      '@esbuild/aix-ppc64': 0.21.5
      '@esbuild/android-arm': 0.21.5
      '@esbuild/android-arm64': 0.21.5
      '@esbuild/android-x64': 0.21.5
      '@esbuild/darwin-arm64': 0.21.5
      '@esbuild/darwin-x64': 0.21.5
      '@esbuild/freebsd-arm64': 0.21.5
      '@esbuild/freebsd-x64': 0.21.5
      '@esbuild/linux-arm': 0.21.5
      '@esbuild/linux-arm64': 0.21.5
      '@esbuild/linux-ia32': 0.21.5
      '@esbuild/linux-loong64': 0.21.5
      '@esbuild/linux-mips64el': 0.21.5
      '@esbuild/linux-ppc64': 0.21.5
      '@esbuild/linux-riscv64': 0.21.5
      '@esbuild/linux-s390x': 0.21.5
      '@esbuild/linux-x64': 0.21.5
      '@esbuild/netbsd-x64': 0.21.5
      '@esbuild/openbsd-x64': 0.21.5
      '@esbuild/sunos-x64': 0.21.5
      '@esbuild/win32-arm64': 0.21.5
      '@esbuild/win32-ia32': 0.21.5
      '@esbuild/win32-x64': 0.21.5

  esbuild@0.25.12:
    optionalDependencies:
      '@esbuild/aix-ppc64': 0.25.12
      '@esbuild/android-arm': 0.25.12
      '@esbuild/android-arm64': 0.25.12
      '@esbuild/android-x64': 0.25.12
      '@esbuild/darwin-arm64': 0.25.12
      '@esbuild/darwin-x64': 0.25.12
      '@esbuild/freebsd-arm64': 0.25.12
      '@esbuild/freebsd-x64': 0.25.12
      '@esbuild/linux-arm': 0.25.12
      '@esbuild/linux-arm64': 0.25.12
      '@esbuild/linux-ia32': 0.25.12
      '@esbuild/linux-loong64': 0.25.12
      '@esbuild/linux-mips64el': 0.25.12
      '@esbuild/linux-ppc64': 0.25.12
      '@esbuild/linux-riscv64': 0.25.12
      '@esbuild/linux-s390x': 0.25.12
      '@esbuild/linux-x64': 0.25.12
      '@esbuild/netbsd-arm64': 0.25.12
      '@esbuild/netbsd-x64': 0.25.12
      '@esbuild/openbsd-arm64': 0.25.12
      '@esbuild/openbsd-x64': 0.25.12
      '@esbuild/openharmony-arm64': 0.25.12
      '@esbuild/sunos-x64': 0.25.12
      '@esbuild/win32-arm64': 0.25.12
      '@esbuild/win32-ia32': 0.25.12
      '@esbuild/win32-x64': 0.25.12

  estree-walker@3.0.3:
    dependencies:
      '@types/estree': 1.0.9

  expect-type@1.4.0: {}

  fdir@6.5.0(picomatch@4.0.7):
    optionalDependencies:
      picomatch: 4.0.7

  fsevents@2.3.3:
    optional: true

  gifenc@1.0.3: {}

  loupe@3.2.1: {}

  magic-string@0.30.21:
    dependencies:
      '@jridgewell/sourcemap-codec': 1.5.5

  mp4-muxer@5.2.2:
    dependencies:
      '@types/dom-webcodecs': 0.1.19
      '@types/wicg-file-system-access': 2020.9.8

  ms@2.1.3: {}

  nanoid@3.3.18: {}

  pathe@1.1.2: {}

  pathval@2.0.1: {}

  picocolors@1.1.1: {}

  picomatch@4.0.7: {}

  postcss@8.5.26:
    dependencies:
      nanoid: 3.3.18
      picocolors: 1.1.1
      source-map-js: 1.2.1

  rollup@4.63.0:
    dependencies:
      '@types/estree': 1.0.9
    optionalDependencies:
      '@napi-rs/lzma-linux-x64-gnu': 1.5.1
      '@rollup/rollup-android-arm-eabi': 4.63.0
      '@rollup/rollup-android-arm64': 4.63.0
      '@rollup/rollup-darwin-arm64': 4.63.0
      '@rollup/rollup-darwin-x64': 4.63.0
      '@rollup/rollup-freebsd-arm64': 4.63.0
      '@rollup/rollup-freebsd-x64': 4.63.0
      '@rollup/rollup-linux-arm-gnueabihf': 4.63.0
      '@rollup/rollup-linux-arm-musleabihf': 4.63.0
      '@rollup/rollup-linux-arm64-gnu': 4.63.0
      '@rollup/rollup-linux-arm64-musl': 4.63.0
      '@rollup/rollup-linux-loong64-gnu': 4.63.0
      '@rollup/rollup-linux-loong64-musl': 4.63.0
      '@rollup/rollup-linux-ppc64-gnu': 4.63.0
      '@rollup/rollup-linux-ppc64-musl': 4.63.0
      '@rollup/rollup-linux-riscv64-gnu': 4.63.0
      '@rollup/rollup-linux-riscv64-musl': 4.63.0
      '@rollup/rollup-linux-s390x-gnu': 4.63.0
      '@rollup/rollup-linux-x64-gnu': 4.63.0
      '@rollup/rollup-linux-x64-musl': 4.63.0
      '@rollup/rollup-openbsd-x64': 4.63.0
      '@rollup/rollup-openharmony-arm64': 4.63.0
      '@rollup/rollup-win32-arm64-msvc': 4.63.0
      '@rollup/rollup-win32-ia32-msvc': 4.63.0
      '@rollup/rollup-win32-x64-gnu': 4.63.0
      '@rollup/rollup-win32-x64-msvc': 4.63.0
      fsevents: 2.3.3

  siginfo@2.0.0: {}

  source-map-js@1.2.1: {}

  stackback@0.0.2: {}

  std-env@3.10.0: {}

  tinybench@2.9.0: {}

  tinyexec@0.3.2: {}

  tinyglobby@0.2.17:
    dependencies:
      fdir: 6.5.0(picomatch@4.0.7)
      picomatch: 4.0.7

  tinypool@1.1.1: {}

  tinyrainbow@1.2.0: {}

  tinyspy@3.0.2: {}

  typescript@5.9.3: {}

  vite-node@2.1.9:
    dependencies:
      cac: 6.7.14
      debug: 4.4.3
      es-module-lexer: 1.7.0
      pathe: 1.1.2
      vite: 5.4.21
    transitivePeerDependencies:
      - '@types/node'
      - less
      - lightningcss
      - sass
      - sass-embedded
      - stylus
      - sugarss
      - supports-color
      - terser

  vite@5.4.21:
    dependencies:
      esbuild: 0.21.5
      postcss: 8.5.26
      rollup: 4.63.0
    optionalDependencies:
      fsevents: 2.3.3

  vite@6.4.3:
    dependencies:
      esbuild: 0.25.12
      fdir: 6.5.0(picomatch@4.0.7)
      picomatch: 4.0.7
      postcss: 8.5.26
      rollup: 4.63.0
      tinyglobby: 0.2.17
    optionalDependencies:
      fsevents: 2.3.3

  vitest@2.1.9:
    dependencies:
      '@vitest/expect': 2.1.9
      '@vitest/mocker': 2.1.9(vite@5.4.21)
      '@vitest/pretty-format': 2.1.9
      '@vitest/runner': 2.1.9
      '@vitest/snapshot': 2.1.9
      '@vitest/spy': 2.1.9
      '@vitest/utils': 2.1.9
      chai: 5.3.3
      debug: 4.4.3
      expect-type: 1.4.0
      magic-string: 0.30.21
      pathe: 1.1.2
      std-env: 3.10.0
      tinybench: 2.9.0
      tinyexec: 0.3.2
      tinypool: 1.1.1
      tinyrainbow: 1.2.0
      vite: 5.4.21
      vite-node: 2.1.9
      why-is-node-running: 2.3.0
    transitivePeerDependencies:
      - less
      - lightningcss
      - msw
      - sass
      - sass-embedded
      - stylus
      - sugarss
      - supports-color
      - terser

  why-is-node-running@2.3.0:
    dependencies:
      siginfo: 2.0.0
      stackback: 0.0.2
